
Microsoft Visual Studio Solution File, Format Version 12.00
# Visual Studio 2013
VisualStudioVersion = 12.0.31101.0
MinimumVisualStudioVersion = 10.0.40219.1
Project("{FAE04EC0-301F-11D3-BF4B-00C04F79EFBC}") = "Entities", "Entities\Entities.csproj", "{36CFB873-B5FF-4D6E-8BDA-58B6C56D2732}"
EndProject
Project("{FAE04EC0-301F-11D3-BF4B-00C04F79EFBC}") = "DAL", "DAL\DAL.csproj", "{D4631B1C-554A-4CC9-A73D-42F49830B32B}"
EndProject
Project("{FAE04EC0-301F-11D3-BF4B-00C04F79EFBC}") = "BL", "BL\BL.csproj", "{5FF0149E-7EA5-492B-B709-74758D4F65E7}"
EndProject
Project("{FAE04EC0-301F-11D3-BF4B-00C04F79EFBC}") = "Login", "LoginForm\Login.csproj", "{044E85C9-11F1-4C78-A657-6D991FA8641B}"
EndProject
Global
	GlobalSection(SolutionConfigurationPlatforms) = preSolution
		Debug|Any CPU = Debug|Any CPU
		Release|Any CPU = Release|Any CPU
	EndGlobalSection
	GlobalSection(ProjectConfigurationPlatforms) = postSolution
		{36CFB873-B5FF-4D6E-8BDA-58B6C56D2732}.Debug|Any CPU.ActiveCfg = Debug|Any CPU
		{36CFB873-B5FF-4D6E-8BDA-58B6C56D2732}.Debug|Any CPU.Build.0 = Debug|Any CPU
		{36CFB873-B5FF-4D6E-8BDA-58B6C56D2732}.Release|Any CPU.ActiveCfg = Release|Any CPU
		{36CFB873-B5FF-4D6E-8BDA-58B6C56D2732}.Release|Any CPU.Build.0 = Release|Any CPU
		{D4631B1C-554A-4CC9-A73D-42F49830B32B}.Debug|Any CPU.ActiveCfg = Debug|Any CPU
		{D4631B1C-554A-4CC9-A73D-42F49830B32B}.Debug|Any CPU.Build.0 = Debug|Any CPU
		{D4631B1C-554A-4CC9-A73D-42F49830B32B}.Release|Any CPU.ActiveCfg = Release|Any CPU
		{D4631B1C-554A-4CC9-A73D-42F49830B32B}.Release|Any CPU.Build.0 = Release|Any CPU
		{5FF0149E-7EA5-492B-B709-74758D4F65E7}.Debug|Any CPU.ActiveCfg = Debug|Any CPU
		{5FF0149E-7EA5-492B-B709-74758D4F65E7}.Debug|Any CPU.Build.0 = Debug|Any CPU
		{5FF0149E-7EA5-492B-B709-74758D4F65E7}.Release|Any CPU.ActiveCfg = Release|Any CPU
		{5FF0149E-7EA5-492B-B709-74758D4F65E7}.Release|Any CPU.Build.0 = Release|Any CPU
		{044E85C9-11F1-4C78-A657-6D991FA8641B}.Debug|Any CPU.ActiveCfg = Debug|Any CPU
		{044E85C9-11F1-4C78-A657-6D991FA8641B}.Debug|Any CPU.Build.0 = Debug|Any CPU
		{044E85C9-11F1-4C78-A657-6D991FA8641B}.Release|Any CPU.ActiveCfg = Release|Any CPU
		{044E85C9-11F1-4C78-A657-6D991FA8641B}.Release|Any CPU.Build.0 = Release|Any CPU
	EndGlobalSection
	GlobalSection(SolutionProperties) = preSolution
		HideSolutionNode = FALSE
	EndGlobalSection
EndGlobal
